
Microsoft Visual Studio Solution File, Format Version 12.00
# Visual Studio Version 16
VisualStudioVersion = 16.0.32106.194
MinimumVisualStudioVersion = 10.0.40219.1
Project("{FAE04EC0-301F-11D3-BF4B-00C04F79EFBC}") = "Scrapper.Cli", "Scrapper.Cli\Scrapper.Cli.csproj", "{44142A84-9B68-44AE-8A6D-0074DD3A692A}"
EndProject
Global
	GlobalSection(SolutionConfigurationPlatforms) = preSolution
		Debug|Any CPU = Debug|Any CPU
		Release|Any CPU = Release|Any CPU
	EndGlobalSection
	GlobalSection(ProjectConfigurationPlatforms) = postSolution
		{44142A84-9B68-44AE-8A6D-0074DD3A692A}.Debug|Any CPU.ActiveCfg = Debug|Any CPU
		{44142A84-9B68-44AE-8A6D-0074DD3A692A}.Debug|Any CPU.Build.0 = Debug|Any CPU
		{44142A84-9B68-44AE-8A6D-0074DD3A692A}.Release|Any CPU.ActiveCfg = Release|Any CPU
		{44142A84-9B68-44AE-8A6D-0074DD3A692A}.Release|Any CPU.Build.0 = Release|Any CPU
	EndGlobalSection
	GlobalSection(SolutionProperties) = preSolution
		HideSolutionNode = FALSE
	EndGlobalSection
	GlobalSection(ExtensibilityGlobals) = postSolution
		SolutionGuid = {6550E1EA-43C1-4FCB-8EDA-07B7B0EE0A72}
	EndGlobalSection
EndGlobal
